// !$*UTF8*$!
{
	archiveVersion = 1;
	classes = {
	};
	objectVersion = 50;
	objects = {

/* Begin PBXFileReference section */
		B9C2046F20D2D90500C820C3 /* 字符串和字符.playground */ = {isa = PBXFileReference; lastKnownFileType = file.playground; path = "字符串和字符.playground"; sourceTree = "<group>"; xcLanguageSpecificationIdentifier = xcode.lang.swift; };
		D53EC2B720FC822300BB623B /* 类型转换.playground */ = {isa = PBXFileReference; lastKnownFileType = file.playground; path = "类型转换.playground"; sourceTree = "<group>"; xcLanguageSpecificationIdentifier = xcode.lang.swift; };
		D53EC2B820FC959000BB623B /* 嵌套类型.playground */ = {isa = PBXFileReference; lastKnownFileType = file.playground; path = "嵌套类型.playground"; sourceTree = "<group>"; xcLanguageSpecificationIdentifier = xcode.lang.swift; };
		D5425E6C20D21FCF00323086 /* 基本运算符.playground */ = {isa = PBXFileReference; lastKnownFileType = file.playground; path = "基本运算符.playground"; sourceTree = "<group>"; xcLanguageSpecificationIdentifier = xcode.lang.swift; };
		D5425E6D20D21FD500323086 /* README.md */ = {isa = PBXFileReference; lastKnownFileType = net.daringfireball.markdown; path = README.md; sourceTree = "<group>"; };
		D556B448212FF8A600E0E816 /* 扩展.playground */ = {isa = PBXFileReference; lastKnownFileType = file.playground; path = "扩展.playground"; sourceTree = "<group>"; xcLanguageSpecificationIdentifier = xcode.lang.swift; };
		D55ED4AE20E361450060FA0B /* 枚举.playground */ = {isa = PBXFileReference; lastKnownFileType = file.playground; path = "枚举.playground"; sourceTree = "<group>"; xcLanguageSpecificationIdentifier = xcode.lang.swift; };
		D55ED4CA20E37FDC0060FA0B /* 类和结构体.playground */ = {isa = PBXFileReference; lastKnownFileType = file.playground; path = "类和结构体.playground"; sourceTree = "<group>"; xcLanguageSpecificationIdentifier = xcode.lang.swift; };
		D55ED4CB20E394300060FA0B /* 属性.playground */ = {isa = PBXFileReference; lastKnownFileType = file.playground; path = "属性.playground"; sourceTree = "<group>"; xcLanguageSpecificationIdentifier = xcode.lang.swift; };
		D55ED52620E50C400060FA0B /* 方法.playground */ = {isa = PBXFileReference; lastKnownFileType = file.playground; path = "方法.playground"; sourceTree = "<group>"; xcLanguageSpecificationIdentifier = xcode.lang.swift; };
		D55ED52A20E622740060FA0B /* 下标.playground */ = {isa = PBXFileReference; lastKnownFileType = file.playground; path = "下标.playground"; sourceTree = "<group>"; xcLanguageSpecificationIdentifier = xcode.lang.swift; };
		D55ED52B20EB544F0060FA0B /* 继承.playground */ = {isa = PBXFileReference; lastKnownFileType = file.playground; path = "继承.playground"; sourceTree = "<group>"; xcLanguageSpecificationIdentifier = xcode.lang.swift; };
		D55ED52C20EB69EC0060FA0B /* 构造过程.playground */ = {isa = PBXFileReference; lastKnownFileType = file.playground; path = "构造过程.playground"; sourceTree = "<group>"; xcLanguageSpecificationIdentifier = xcode.lang.swift; };
		D55ED52D20EF16A70060FA0B /* 析构过程.playground */ = {isa = PBXFileReference; lastKnownFileType = file.playground; path = "析构过程.playground"; sourceTree = "<group>"; xcLanguageSpecificationIdentifier = xcode.lang.swift; };
		D55ED52E20EF74F40060FA0B /* 自动引用计数.playground */ = {isa = PBXFileReference; lastKnownFileType = file.playground; path = "自动引用计数.playground"; sourceTree = "<group>"; xcLanguageSpecificationIdentifier = xcode.lang.swift; };
		D562517220D12C4D009DEE4E /* 基础部分.playground */ = {isa = PBXFileReference; lastKnownFileType = file.playground; path = "基础部分.playground"; sourceTree = "<group>"; xcLanguageSpecificationIdentifier = xcode.lang.swift; };
		D562517320D12C79009DEE4E /* remark.rtf */ = {isa = PBXFileReference; lastKnownFileType = text.rtf; path = remark.rtf; sourceTree = "<group>"; };
		D5ABBBB520D3A5B7003DEDBE /* 集合类型.playground */ = {isa = PBXFileReference; lastKnownFileType = file.playground; path = "集合类型.playground"; sourceTree = "<group>"; xcLanguageSpecificationIdentifier = xcode.lang.swift; };
		D5ABBBD720E0BA94003DEDBE /* 控制流.playground */ = {isa = PBXFileReference; lastKnownFileType = file.playground; path = "控制流.playground"; sourceTree = "<group>"; xcLanguageSpecificationIdentifier = xcode.lang.swift; };
		D5E7BA1C20E0D99D00E041AA /* 函数.playground */ = {isa = PBXFileReference; lastKnownFileType = file.playground; path = "函数.playground"; sourceTree = "<group>"; xcLanguageSpecificationIdentifier = xcode.lang.swift; };
		D5E7BA2020E2034D00E041AA /* 闭包.playground */ = {isa = PBXFileReference; lastKnownFileType = file.playground; path = "闭包.playground"; sourceTree = "<group>"; xcLanguageSpecificationIdentifier = xcode.lang.swift; };
		D5F9D54120F626CF00D97AFD /* 可选链.playground */ = {isa = PBXFileReference; lastKnownFileType = file.playground; path = "可选链.playground"; sourceTree = "<group>"; xcLanguageSpecificationIdentifier = xcode.lang.swift; };
		D5F9D54220F75EA200D97AFD /* 错误处理.playground */ = {isa = PBXFileReference; lastKnownFileType = file.playground; path = "错误处理.playground"; sourceTree = "<group>"; xcLanguageSpecificationIdentifier = xcode.lang.swift; };
/* End PBXFileReference section */

/* Begin PBXGroup section */
		D562516B20D1287D009DEE4E = {
			isa = PBXGroup;
			children = (
				D556B448212FF8A600E0E816 /* 扩展.playground */,
				D53EC2B820FC959000BB623B /* 嵌套类型.playground */,
				D53EC2B720FC822300BB623B /* 类型转换.playground */,
				D5F9D54220F75EA200D97AFD /* 错误处理.playground */,
				D5F9D54120F626CF00D97AFD /* 可选链.playground */,
				D55ED52E20EF74F40060FA0B /* 自动引用计数.playground */,
				D55ED52D20EF16A70060FA0B /* 析构过程.playground */,
				D55ED52C20EB69EC0060FA0B /* 构造过程.playground */,
				D55ED52B20EB544F0060FA0B /* 继承.playground */,
				D55ED52A20E622740060FA0B /* 下标.playground */,
				D55ED52620E50C400060FA0B /* 方法.playground */,
				D55ED4CB20E394300060FA0B /* 属性.playground */,
				D55ED4CA20E37FDC0060FA0B /* 类和结构体.playground */,
				D55ED4AE20E361450060FA0B /* 枚举.playground */,
				D5E7BA2020E2034D00E041AA /* 闭包.playground */,
				D5E7BA1C20E0D99D00E041AA /* 函数.playground */,
				D5ABBBD720E0BA94003DEDBE /* 控制流.playground */,
				D5ABBBB520D3A5B7003DEDBE /* 集合类型.playground */,
				D5425E6D20D21FD500323086 /* README.md */,
				D562517320D12C79009DEE4E /* remark.rtf */,
				B9C2046F20D2D90500C820C3 /* 字符串和字符.playground */,
				D5425E6C20D21FCF00323086 /* 基本运算符.playground */,
				D562517220D12C4D009DEE4E /* 基础部分.playground */,
			);
			sourceTree = "<group>";
		};
/* End PBXGroup section */

/* Begin PBXProject section */
		D562516C20D1287D009DEE4E /* Project object */ = {
			isa = PBXProject;
			attributes = {
				LastUpgradeCheck = 0940;
			};
			buildConfigurationList = D562516F20D1287D009DEE4E /* Build configuration list for PBXProject "SwiftTips" */;
			compatibilityVersion = "Xcode 9.3";
			developmentRegion = en;
			hasScannedForEncodings = 0;
			knownRegions = (
				en,
			);
			mainGroup = D562516B20D1287D009DEE4E;
			projectDirPath = "";
			projectRoot = "";
			targets = (
			);
		};
/* End PBXProject section */

/* Begin XCBuildConfiguration section */
		D562517020D1287D009DEE4E /* Debug */ = {
			isa = XCBuildConfiguration;
			buildSettings = {
				CLANG_WARN_BLOCK_CAPTURE_AUTORELEASING = YES;
				CLANG_WARN_BOOL_CONVERSION = YES;
				CLANG_WARN_COMMA = YES;
				CLANG_WARN_CONSTANT_CONVERSION = YES;
				CLANG_WARN_DEPRECATED_OBJC_IMPLEMENTATIONS = YES;
				CLANG_WARN_EMPTY_BODY = YES;
				CLANG_WARN_ENUM_CONVERSION = YES;
				CLANG_WARN_INFINITE_RECURSION = YES;
				CLANG_WARN_INT_CONVERSION = YES;
				CLANG_WARN_NON_LITERAL_NULL_CONVERSION = YES;
				CLANG_WARN_OBJC_IMPLICIT_RETAIN_SELF = YES;
				CLANG_WARN_OBJC_LITERAL_CONVERSION = YES;
				CLANG_WARN_RANGE_LOOP_ANALYSIS = YES;
				CLANG_WARN_STRICT_PROTOTYPES = YES;
				CLANG_WARN_SUSPICIOUS_MOVE = YES;
				CLANG_WARN_UNREACHABLE_CODE = YES;
				CLANG_WARN__DUPLICATE_METHOD_MATCH = YES;
				ENABLE_STRICT_OBJC_MSGSEND = YES;
				ENABLE_TESTABILITY = YES;
				GCC_NO_COMMON_BLOCKS = YES;
				GCC_WARN_64_TO_32_BIT_CONVERSION = YES;
				GCC_WARN_ABOUT_RETURN_TYPE = YES;
				GCC_WARN_UNDECLARED_SELECTOR = YES;
				GCC_WARN_UNINITIALIZED_AUTOS = YES;
				GCC_WARN_UNUSED_FUNCTION = YES;
				GCC_WARN_UNUSED_VARIABLE = YES;
				ONLY_ACTIVE_ARCH = YES;
			};
			name = Debug;
		};
		D562517120D1287D009DEE4E /* Release */ = {
			isa = XCBuildConfiguration;
			buildSettings = {
				CLANG_WARN_BLOCK_CAPTURE_AUTORELEASING = YES;
				CLANG_WARN_BOOL_CONVERSION = YES;
				CLANG_WARN_COMMA = YES;
				CLANG_WARN_CONSTANT_CONVERSION = YES;
				CLANG_WARN_DEPRECATED_OBJC_IMPLEMENTATIONS = YES;
				CLANG_WARN_EMPTY_BODY = YES;
				CLANG_WARN_ENUM_CONVERSION = YES;
				CLANG_WARN_INFINITE_RECURSION = YES;
				CLANG_WARN_INT_CONVERSION = YES;
				CLANG_WARN_NON_LITERAL_NULL_CONVERSION = YES;
				CLANG_WARN_OBJC_IMPLICIT_RETAIN_SELF = YES;
				CLANG_WARN_OBJC_LITERAL_CONVERSION = YES;
				CLANG_WARN_RANGE_LOOP_ANALYSIS = YES;
				CLANG_WARN_STRICT_PROTOTYPES = YES;
				CLANG_WARN_SUSPICIOUS_MOVE = YES;
				CLANG_WARN_UNREACHABLE_CODE = YES;
				CLANG_WARN__DUPLICATE_METHOD_MATCH = YES;
				ENABLE_STRICT_OBJC_MSGSEND = YES;
				GCC_NO_COMMON_BLOCKS = YES;
				GCC_WARN_64_TO_32_BIT_CONVERSION = YES;
				GCC_WARN_ABOUT_RETURN_TYPE = YES;
				GCC_WARN_UNDECLARED_SELECTOR = YES;
				GCC_WARN_UNINITIALIZED_AUTOS = YES;
				GCC_WARN_UNUSED_FUNCTION = YES;
				GCC_WARN_UNUSED_VARIABLE = YES;
			};
			name = Release;
		};
/* End XCBuildConfiguration section */

/* Begin XCConfigurationList section */
		D562516F20D1287D009DEE4E /* Build configuration list for PBXProject "SwiftTips" */ = {
			isa = XCConfigurationList;
			buildConfigurations = (
				D562517020D1287D009DEE4E /* Debug */,
				D562517120D1287D009DEE4E /* Release */,
			);
			defaultConfigurationIsVisible = 0;
			defaultConfigurationName = Release;
		};
/* End XCConfigurationList section */
	};
	rootObject = D562516C20D1287D009DEE4E /* Project object */;
}
