// !$*UTF8*$!
{
	archiveVersion = 1;
	classes = {
	};
	objectVersion = 50;
	objects = {

/* Begin PBXFileReference section */
		B9C2046F20D2D90500C820C3 /* 字符串和字符.playground */ = {isa = PBXFileReference; lastKnownFileType = file.playground; path = "字符串和字符.playground"; sourceTree = "<group>"; xcLanguageSpecificationIdentifier = xcode.lang.swift; };
		D5425E6C20D21FCF00323086 /* 基本运算符.playground */ = {isa = PBXFileReference; lastKnownFileType = file.playground; path = "基本运算符.playground"; sourceTree = "<group>"; xcLanguageSpecificationIdentifier = xcode.lang.swift; };
		D5425E6D20D21FD500323086 /* README.md */ = {isa = PBXFileReference; lastKnownFileType = net.daringfireball.markdown; path = README.md; sourceTree = "<group>"; };
		D562517220D12C4D009DEE4E /* 基础部分.playground */ = {isa = PBXFileReference; lastKnownFileType = file.playground; path = "基础部分.playground"; sourceTree = "<group>"; xcLanguageSpecificationIdentifier = xcode.lang.swift; };
		D562517320D12C79009DEE4E /* remark.rtf */ = {isa = PBXFileReference; lastKnownFileType = text.rtf; path = remark.rtf; sourceTree = "<group>"; };
		D5ABBBB520D3A5B7003DEDBE /* 集合类型.playground */ = {isa = PBXFileReference; lastKnownFileType = file.playground; path = "集合类型.playground"; sourceTree = "<group>"; xcLanguageSpecificationIdentifier = xcode.lang.swift; };
		D5ABBBD720E0BA94003DEDBE /* 控制流.playground */ = {isa = PBXFileReference; lastKnownFileType = file.playground; path = "控制流.playground"; sourceTree = "<group>"; xcLanguageSpecificationIdentifier = xcode.lang.swift; };
		D5E7BA1C20E0D99D00E041AA /* 函数.playground */ = {isa = PBXFileReference; lastKnownFileType = file.playground; path = "函数.playground"; sourceTree = "<group>"; xcLanguageSpecificationIdentifier = xcode.lang.swift; };
/* End PBXFileReference section */

/* Begin PBXGroup section */
		D562516B20D1287D009DEE4E = {
			isa = PBXGroup;
			children = (
				D5E7BA1C20E0D99D00E041AA /* 函数.playground */,
				D5ABBBD720E0BA94003DEDBE /* 控制流.playground */,
				D5ABBBB520D3A5B7003DEDBE /* 集合类型.playground */,
				D5425E6D20D21FD500323086 /* README.md */,
				D562517320D12C79009DEE4E /* remark.rtf */,
				B9C2046F20D2D90500C820C3 /* 字符串和字符.playground */,
				D5425E6C20D21FCF00323086 /* 基本运算符.playground */,
				D562517220D12C4D009DEE4E /* 基础部分.playground */,
			);
			sourceTree = "<group>";
		};
/* End PBXGroup section */

/* Begin PBXProject section */
		D562516C20D1287D009DEE4E /* Project object */ = {
			isa = PBXProject;
			attributes = {
				LastUpgradeCheck = 0930;
			};
			buildConfigurationList = D562516F20D1287D009DEE4E /* Build configuration list for PBXProject "SwiftTips" */;
			compatibilityVersion = "Xcode 9.3";
			developmentRegion = en;
			hasScannedForEncodings = 0;
			knownRegions = (
				en,
			);
			mainGroup = D562516B20D1287D009DEE4E;
			projectDirPath = "";
			projectRoot = "";
			targets = (
			);
		};
/* End PBXProject section */

/* Begin XCBuildConfiguration section */
		D562517020D1287D009DEE4E /* Debug */ = {
			isa = XCBuildConfiguration;
			buildSettings = {
			};
			name = Debug;
		};
		D562517120D1287D009DEE4E /* Release */ = {
			isa = XCBuildConfiguration;
			buildSettings = {
			};
			name = Release;
		};
/* End XCBuildConfiguration section */

/* Begin XCConfigurationList section */
		D562516F20D1287D009DEE4E /* Build configuration list for PBXProject "SwiftTips" */ = {
			isa = XCConfigurationList;
			buildConfigurations = (
				D562517020D1287D009DEE4E /* Debug */,
				D562517120D1287D009DEE4E /* Release */,
			);
			defaultConfigurationIsVisible = 0;
			defaultConfigurationName = Release;
		};
/* End XCConfigurationList section */
	};
	rootObject = D562516C20D1287D009DEE4E /* Project object */;
}
